{
  "requires": true,
  "lockfileVersion": 1,
  "dependencies": {
    "axios": {
      "version": "0.18.0",
      "resolved": "https://registry.npmjs.org/axios/-/axios-0.18.0.tgz",
      "integrity": "sha1-MtU+SFHv3AoRmTts0AB4nXDAUQI=",
      "requires": {
        "follow-redirects": "^1.3.0",
        "is-buffer": "^1.1.5"
      }
    },
    "debug": {
      "version": "3.1.0",
      "resolved": "https://registry.npmjs.org/debug/-/debug-3.1.0.tgz",
      "integrity": "sha512-OX8XqP7/1a9cqkxYw2yXss15f26NKWBpDXQd0/uK/KPqdQhxbPa994hnzjcE2VqQpDslf55723cKPUOGSmMY3g==",
      "requires": {
        "ms": "2.0.0"
      }
    },
    "follow-redirects": {
      "version": "1.5.5",
      "resolved": "https://registry.npmjs.org/follow-redirects/-/follow-redirects-1.5.5.tgz",
      "integrity": "sha512-GHjtHDlY/ehslqv0Gr5N0PUJppgg/q0rOBvX0na1s7y1A3LWxPqCYU76s3Z1bM4+UZB4QF0usaXLT5wFpof5PA==",
      "requires": {
        "debug": "^3.1.0"
      }
    },
    "is-buffer": {
      "version": "1.1.6",
      "resolved": "https://registry.npmjs.org/is-buffer/-/is-buffer-1.1.6.tgz",
      "integrity": "sha512-NcdALwpXkTm5Zvvbk7owOUSvVvBKDgKP5/ewfXEznmQFfs4ZRmanOeKBTjRVjka3QFoN6XJ+9F3USqfHqTaU5w=="
    },
    "ms": {
      "version": "2.0.0",
      "resolved": "https://registry.npmjs.org/ms/-/ms-2.0.0.tgz",
      "integrity": "sha1-VgiurfwAvmwpAd9fmGF4jeDVl8g="
    },
    "reflect-metadata": {
      "version": "0.1.12",
      "resolved": "https://registry.npmjs.org/reflect-metadata/-/reflect-metadata-0.1.12.tgz",
      "integrity": "sha512-n+IyV+nGz3+0q3/Yf1ra12KpCyi001bi4XFxSjbiWWjfqb52iTTtpGXmCCAOWWIAn9KEuFZKGqBERHmrtScZ3A=="
    },
    "vue": {
      "version": "2.5.17",
      "resolved": "https://registry.npmjs.org/vue/-/vue-2.5.17.tgz",
      "integrity": "sha512-mFbcWoDIJi0w0Za4emyLiW72Jae0yjANHbCVquMKijcavBGypqlF7zHRgMa5k4sesdv7hv2rB4JPdZfR+TPfhQ=="
    },
    "vue-class-component": {
      "version": "6.2.0",
      "resolved": "https://registry.npmjs.org/vue-class-component/-/vue-class-component-6.2.0.tgz",
      "integrity": "sha512-U11yVeP5zjPSx4IU7Zas3MLC+Vy9dmufI+uLKLo8YuGQJGOihSYfh/fgNnbjMteN+hz5axjG6iC6ybMo6vGYnA=="
    },
    "vue-payjp-checkout": {
      "version": "0.0.1-alpha.4",
      "resolved": "https://registry.npmjs.org/vue-payjp-checkout/-/vue-payjp-checkout-0.0.1-alpha.4.tgz",
      "integrity": "sha512-0nmVn5RP136j5NqYqDlLIgWszJX26rknNcbm75JBwb78n3EtiIAtkcVzrLi3xBjMqpgqNM6b4+R4BgcT15I8+Q==",
      "requires": {
        "vue": "^2.5.15",
        "vue-property-decorator": "^6.0.0"
      }
    },
    "vue-property-decorator": {
      "version": "6.1.0",
      "resolved": "https://registry.npmjs.org/vue-property-decorator/-/vue-property-decorator-6.1.0.tgz",
      "integrity": "sha512-NM4PYPOkOIO7SFtWiQqVrbp+ORzd7CJXcIz0X710PNW9pxGfbil0/x/ULFympzIUoHXBKN2dqoOQzh6oeMzpTQ==",
      "requires": {
        "reflect-metadata": "^0.1.10",
        "vue-class-component": "^6.1.0"
      }
    }
  }
}
